
Microsoft Visual Studio Solution File, Format Version 12.00
# Visual Studio 15
VisualStudioVersion = 15.0.27703.2035
MinimumVisualStudioVersion = 10.0.40219.1
Project("{FAE04EC0-301F-11D3-BF4B-00C04F79EFBC}") = "ConsignmentShopUI", "ConsignmentShopUI\ConsignmentShopUI.csproj", "{95766F7E-679B-4C66-A067-97C8DA7AA576}"
EndProject
Global
	GlobalSection(SolutionConfigurationPlatforms) = preSolution
		Debug|Any CPU = Debug|Any CPU
		Release|Any CPU = Release|Any CPU
	EndGlobalSection
	GlobalSection(ProjectConfigurationPlatforms) = postSolution
		{95766F7E-679B-4C66-A067-97C8DA7AA576}.Debug|Any CPU.ActiveCfg = Debug|Any CPU
		{95766F7E-679B-4C66-A067-97C8DA7AA576}.Debug|Any CPU.Build.0 = Debug|Any CPU
		{95766F7E-679B-4C66-A067-97C8DA7AA576}.Release|Any CPU.ActiveCfg = Release|Any CPU
		{95766F7E-679B-4C66-A067-97C8DA7AA576}.Release|Any CPU.Build.0 = Release|Any CPU
	EndGlobalSection
	GlobalSection(SolutionProperties) = preSolution
		HideSolutionNode = FALSE
	EndGlobalSection
	GlobalSection(ExtensibilityGlobals) = postSolution
		SolutionGuid = {5ABC3140-A34D-4A8C-98A0-92FD245605C6}
	EndGlobalSection
EndGlobal
